
Microsoft Visual Studio Solution File, Format Version 12.00
# Visual Studio Version 17
VisualStudioVersion = 17.10.35013.160
MinimumVisualStudioVersion = 10.0.40219.1
Project("{FAE04EC0-301F-11D3-BF4B-00C04F79EFBC}") = "AtividadeH1", "AtividadeH1\AtividadeH1.csproj", "{A919890E-BDDE-47DA-AFD3-BE6DAF27DA48}"
EndProject
Global
	GlobalSection(SolutionConfigurationPlatforms) = preSolution
		Debug|Any CPU = Debug|Any CPU
		Release|Any CPU = Release|Any CPU
	EndGlobalSection
	GlobalSection(ProjectConfigurationPlatforms) = postSolution
		{A919890E-BDDE-47DA-AFD3-BE6DAF27DA48}.Debug|Any CPU.ActiveCfg = Debug|Any CPU
		{A919890E-BDDE-47DA-AFD3-BE6DAF27DA48}.Debug|Any CPU.Build.0 = Debug|Any CPU
		{A919890E-BDDE-47DA-AFD3-BE6DAF27DA48}.Release|Any CPU.ActiveCfg = Release|Any CPU
		{A919890E-BDDE-47DA-AFD3-BE6DAF27DA48}.Release|Any CPU.Build.0 = Release|Any CPU
	EndGlobalSection
	GlobalSection(SolutionProperties) = preSolution
		HideSolutionNode = FALSE
	EndGlobalSection
	GlobalSection(ExtensibilityGlobals) = postSolution
		SolutionGuid = {6F47E802-12CE-4682-8B6C-0D267E36B8D7}
	EndGlobalSection
EndGlobal
